
Microsoft Visual Studio Solution File, Format Version 12.00
# Visual Studio Version 17
VisualStudioVersion = 17.8.34309.116
MinimumVisualStudioVersion = 10.0.40219.1
Project("{9A19103F-16F7-4668-BE54-9A1E7A4F7556}") = "PatientApi", "TodoApi\PatientApi.csproj", "{E71B6C5F-DD3A-47E7-BC36-E5EBD573B91D}"
EndProject
Project("{9A19103F-16F7-4668-BE54-9A1E7A4F7556}") = "BlazorServerApp", "BlazorServerApp\BlazorServerApp.csproj", "{E8D96086-F9DD-47B2-BC93-77A6C10DEE0D}"
EndProject
Project("{9A19103F-16F7-4668-BE54-9A1E7A4F7556}") = "SharedModels", "SharedModels\SharedModels.csproj", "{1FD99045-9459-4EA3-8ED5-908FFF826E7F}"
EndProject
Project("{9A19103F-16F7-4668-BE54-9A1E7A4F7556}") = "BillingAPI", "BillingAPI\BillingAPI.csproj", "{88DFEA7C-0CA2-4384-8CEF-EA159FB2C5E9}"
EndProject
Project("{9A19103F-16F7-4668-BE54-9A1E7A4F7556}") = "BillingApp", "BillingApp\BillingApp.csproj", "{7227D144-93B0-42C6-8E47-C1B1B64C6D58}"
EndProject
Global
	GlobalSection(SolutionConfigurationPlatforms) = preSolution
		Debug|Any CPU = Debug|Any CPU
		Release|Any CPU = Release|Any CPU
	EndGlobalSection
	GlobalSection(ProjectConfigurationPlatforms) = postSolution
		{E71B6C5F-DD3A-47E7-BC36-E5EBD573B91D}.Debug|Any CPU.ActiveCfg = Debug|Any CPU
		{E71B6C5F-DD3A-47E7-BC36-E5EBD573B91D}.Debug|Any CPU.Build.0 = Debug|Any CPU
		{E71B6C5F-DD3A-47E7-BC36-E5EBD573B91D}.Release|Any CPU.ActiveCfg = Release|Any CPU
		{E71B6C5F-DD3A-47E7-BC36-E5EBD573B91D}.Release|Any CPU.Build.0 = Release|Any CPU
		{E8D96086-F9DD-47B2-BC93-77A6C10DEE0D}.Debug|Any CPU.ActiveCfg = Debug|Any CPU
		{E8D96086-F9DD-47B2-BC93-77A6C10DEE0D}.Debug|Any CPU.Build.0 = Debug|Any CPU
		{E8D96086-F9DD-47B2-BC93-77A6C10DEE0D}.Release|Any CPU.ActiveCfg = Release|Any CPU
		{E8D96086-F9DD-47B2-BC93-77A6C10DEE0D}.Release|Any CPU.Build.0 = Release|Any CPU
		{1FD99045-9459-4EA3-8ED5-908FFF826E7F}.Debug|Any CPU.ActiveCfg = Debug|Any CPU
		{1FD99045-9459-4EA3-8ED5-908FFF826E7F}.Debug|Any CPU.Build.0 = Debug|Any CPU
		{1FD99045-9459-4EA3-8ED5-908FFF826E7F}.Release|Any CPU.ActiveCfg = Release|Any CPU
		{1FD99045-9459-4EA3-8ED5-908FFF826E7F}.Release|Any CPU.Build.0 = Release|Any CPU
		{88DFEA7C-0CA2-4384-8CEF-EA159FB2C5E9}.Debug|Any CPU.ActiveCfg = Debug|Any CPU
		{88DFEA7C-0CA2-4384-8CEF-EA159FB2C5E9}.Debug|Any CPU.Build.0 = Debug|Any CPU
		{88DFEA7C-0CA2-4384-8CEF-EA159FB2C5E9}.Release|Any CPU.ActiveCfg = Release|Any CPU
		{88DFEA7C-0CA2-4384-8CEF-EA159FB2C5E9}.Release|Any CPU.Build.0 = Release|Any CPU
		{7227D144-93B0-42C6-8E47-C1B1B64C6D58}.Debug|Any CPU.ActiveCfg = Debug|Any CPU
		{7227D144-93B0-42C6-8E47-C1B1B64C6D58}.Debug|Any CPU.Build.0 = Debug|Any CPU
		{7227D144-93B0-42C6-8E47-C1B1B64C6D58}.Release|Any CPU.ActiveCfg = Release|Any CPU
		{7227D144-93B0-42C6-8E47-C1B1B64C6D58}.Release|Any CPU.Build.0 = Release|Any CPU
	EndGlobalSection
	GlobalSection(SolutionProperties) = preSolution
		HideSolutionNode = FALSE
	EndGlobalSection
	GlobalSection(ExtensibilityGlobals) = postSolution
		SolutionGuid = {54543DFF-530E-4EE3-960A-132307D71BAC}
	EndGlobalSection
EndGlobal
